// !$*UTF8*$!
{
	archiveVersion = 1;
	classes = {
	};
	objectVersion = 55;
	objects = {

/* Begin PBXBuildFile section */
		321123612B1F9E1000F2C8D4 /* main.cpp in Sources */ = {isa = PBXBuildFile; fileRef = 321123602B1F9E1000F2C8D4 /* main.cpp */; };
		321123692B1FA4ED00F2C8D4 /* Base.cpp in Sources */ = {isa = PBXBuildFile; fileRef = 321123672B1FA4ED00F2C8D4 /* Base.cpp */; };
		3211236C2B1FA5FE00F2C8D4 /* Bus.cpp in Sources */ = {isa = PBXBuildFile; fileRef = 3211236A2B1FA5FE00F2C8D4 /* Bus.cpp */; };
		3211236F2B1FA63A00F2C8D4 /* Vehicle.cpp in Sources */ = {isa = PBXBuildFile; fileRef = 3211236D2B1FA63A00F2C8D4 /* Vehicle.cpp */; };
		321123722B1FA66800F2C8D4 /* Truck.cpp in Sources */ = {isa = PBXBuildFile; fileRef = 321123702B1FA66800F2C8D4 /* Truck.cpp */; };
/* End PBXBuildFile section */

/* Begin PBXCopyFilesBuildPhase section */
		3211235B2B1F9E1000F2C8D4 /* CopyFiles */ = {
			isa = PBXCopyFilesBuildPhase;
			buildActionMask = 2147483647;
			dstPath = /usr/share/man/man1/;
			dstSubfolderSpec = 0;
			files = (
			);
			runOnlyForDeploymentPostprocessing = 1;
		};
/* End PBXCopyFilesBuildPhase section */

/* Begin PBXFileReference section */
		3211235D2B1F9E1000F2C8D4 /* hw31 */ = {isa = PBXFileReference; explicitFileType = "compiled.mach-o.executable"; includeInIndex = 0; path = hw31; sourceTree = BUILT_PRODUCTS_DIR; };
		321123602B1F9E1000F2C8D4 /* main.cpp */ = {isa = PBXFileReference; lastKnownFileType = sourcecode.cpp.cpp; path = main.cpp; sourceTree = "<group>"; };
		321123672B1FA4ED00F2C8D4 /* Base.cpp */ = {isa = PBXFileReference; lastKnownFileType = sourcecode.cpp.cpp; path = Base.cpp; sourceTree = "<group>"; };
		321123682B1FA4ED00F2C8D4 /* Base.hpp */ = {isa = PBXFileReference; lastKnownFileType = sourcecode.cpp.h; path = Base.hpp; sourceTree = "<group>"; };
		3211236A2B1FA5FE00F2C8D4 /* Bus.cpp */ = {isa = PBXFileReference; lastKnownFileType = sourcecode.cpp.cpp; path = Bus.cpp; sourceTree = "<group>"; };
		3211236B2B1FA5FE00F2C8D4 /* Bus.hpp */ = {isa = PBXFileReference; lastKnownFileType = sourcecode.cpp.h; path = Bus.hpp; sourceTree = "<group>"; };
		3211236D2B1FA63A00F2C8D4 /* Vehicle.cpp */ = {isa = PBXFileReference; lastKnownFileType = sourcecode.cpp.cpp; path = Vehicle.cpp; sourceTree = "<group>"; };
		3211236E2B1FA63A00F2C8D4 /* Vehicle.hpp */ = {isa = PBXFileReference; lastKnownFileType = sourcecode.cpp.h; path = Vehicle.hpp; sourceTree = "<group>"; };
		321123702B1FA66800F2C8D4 /* Truck.cpp */ = {isa = PBXFileReference; lastKnownFileType = sourcecode.cpp.cpp; path = Truck.cpp; sourceTree = "<group>"; };
		321123712B1FA66800F2C8D4 /* Truck.hpp */ = {isa = PBXFileReference; lastKnownFileType = sourcecode.cpp.h; path = Truck.hpp; sourceTree = "<group>"; };
/* End PBXFileReference section */

/* Begin PBXFrameworksBuildPhase section */
		3211235A2B1F9E1000F2C8D4 /* Frameworks */ = {
			isa = PBXFrameworksBuildPhase;
			buildActionMask = 2147483647;
			files = (
			);
			runOnlyForDeploymentPostprocessing = 0;
		};
/* End PBXFrameworksBuildPhase section */

/* Begin PBXGroup section */
		321123542B1F9E1000F2C8D4 = {
			isa = PBXGroup;
			children = (
				3211235F2B1F9E1000F2C8D4 /* hw31 */,
				3211235E2B1F9E1000F2C8D4 /* Products */,
			);
			sourceTree = "<group>";
		};
		3211235E2B1F9E1000F2C8D4 /* Products */ = {
			isa = PBXGroup;
			children = (
				3211235D2B1F9E1000F2C8D4 /* hw31 */,
			);
			name = Products;
			sourceTree = "<group>";
		};
		3211235F2B1F9E1000F2C8D4 /* hw31 */ = {
			isa = PBXGroup;
			children = (
				321123602B1F9E1000F2C8D4 /* main.cpp */,
				321123672B1FA4ED00F2C8D4 /* Base.cpp */,
				3211236A2B1FA5FE00F2C8D4 /* Bus.cpp */,
				3211236B2B1FA5FE00F2C8D4 /* Bus.hpp */,
				3211236D2B1FA63A00F2C8D4 /* Vehicle.cpp */,
				3211236E2B1FA63A00F2C8D4 /* Vehicle.hpp */,
				321123702B1FA66800F2C8D4 /* Truck.cpp */,
				321123712B1FA66800F2C8D4 /* Truck.hpp */,
				321123682B1FA4ED00F2C8D4 /* Base.hpp */,
			);
			path = hw31;
			sourceTree = "<group>";
		};
/* End PBXGroup section */

/* Begin PBXNativeTarget section */
		3211235C2B1F9E1000F2C8D4 /* hw31 */ = {
			isa = PBXNativeTarget;
			buildConfigurationList = 321123642B1F9E1000F2C8D4 /* Build configuration list for PBXNativeTarget "hw31" */;
			buildPhases = (
				321123592B1F9E1000F2C8D4 /* Sources */,
				3211235A2B1F9E1000F2C8D4 /* Frameworks */,
				3211235B2B1F9E1000F2C8D4 /* CopyFiles */,
			);
			buildRules = (
			);
			dependencies = (
			);
			name = hw31;
			productName = hw31;
			productReference = 3211235D2B1F9E1000F2C8D4 /* hw31 */;
			productType = "com.apple.product-type.tool";
		};
/* End PBXNativeTarget section */

/* Begin PBXProject section */
		321123552B1F9E1000F2C8D4 /* Project object */ = {
			isa = PBXProject;
			attributes = {
				BuildIndependentTargetsInParallel = 1;
				LastUpgradeCheck = 1340;
				TargetAttributes = {
					3211235C2B1F9E1000F2C8D4 = {
						CreatedOnToolsVersion = 13.4.1;
					};
				};
			};
			buildConfigurationList = 321123582B1F9E1000F2C8D4 /* Build configuration list for PBXProject "hw31" */;
			compatibilityVersion = "Xcode 13.0";
			developmentRegion = en;
			hasScannedForEncodings = 0;
			knownRegions = (
				en,
				Base,
			);
			mainGroup = 321123542B1F9E1000F2C8D4;
			productRefGroup = 3211235E2B1F9E1000F2C8D4 /* Products */;
			projectDirPath = "";
			projectRoot = "";
			targets = (
				3211235C2B1F9E1000F2C8D4 /* hw31 */,
			);
		};
/* End PBXProject section */

/* Begin PBXSourcesBuildPhase section */
		321123592B1F9E1000F2C8D4 /* Sources */ = {
			isa = PBXSourcesBuildPhase;
			buildActionMask = 2147483647;
			files = (
				3211236F2B1FA63A00F2C8D4 /* Vehicle.cpp in Sources */,
				3211236C2B1FA5FE00F2C8D4 /* Bus.cpp in Sources */,
				321123722B1FA66800F2C8D4 /* Truck.cpp in Sources */,
				321123692B1FA4ED00F2C8D4 /* Base.cpp in Sources */,
				321123612B1F9E1000F2C8D4 /* main.cpp in Sources */,
			);
			runOnlyForDeploymentPostprocessing = 0;
		};
/* End PBXSourcesBuildPhase section */

/* Begin XCBuildConfiguration section */
		321123622B1F9E1000F2C8D4 /* Debug */ = {
			isa = XCBuildConfiguration;
			buildSettings = {
				ALWAYS_SEARCH_USER_PATHS = NO;
				CLANG_ANALYZER_NONNULL = YES;
				CLANG_ANALYZER_NUMBER_OBJECT_CONVERSION = YES_AGGRESSIVE;
				CLANG_CXX_LANGUAGE_STANDARD = "gnu++17";
				CLANG_ENABLE_MODULES = YES;
				CLANG_ENABLE_OBJC_ARC = YES;
				CLANG_ENABLE_OBJC_WEAK = YES;
				CLANG_WARN_BLOCK_CAPTURE_AUTORELEASING = YES;
				CLANG_WARN_BOOL_CONVERSION = YES;
				CLANG_WARN_COMMA = YES;
				CLANG_WARN_CONSTANT_CONVERSION = YES;
				CLANG_WARN_DEPRECATED_OBJC_IMPLEMENTATIONS = YES;
				CLANG_WARN_DIRECT_OBJC_ISA_USAGE = YES_ERROR;
				CLANG_WARN_DOCUMENTATION_COMMENTS = YES;
				CLANG_WARN_EMPTY_BODY = YES;
				CLANG_WARN_ENUM_CONVERSION = YES;
				CLANG_WARN_INFINITE_RECURSION = YES;
				CLANG_WARN_INT_CONVERSION = YES;
				CLANG_WARN_NON_LITERAL_NULL_CONVERSION = YES;
				CLANG_WARN_OBJC_IMPLICIT_RETAIN_SELF = YES;
				CLANG_WARN_OBJC_LITERAL_CONVERSION = YES;
				CLANG_WARN_OBJC_ROOT_CLASS = YES_ERROR;
				CLANG_WARN_QUOTED_INCLUDE_IN_FRAMEWORK_HEADER = YES;
				CLANG_WARN_RANGE_LOOP_ANALYSIS = YES;
				CLANG_WARN_STRICT_PROTOTYPES = YES;
				CLANG_WARN_SUSPICIOUS_MOVE = YES;
				CLANG_WARN_UNGUARDED_AVAILABILITY = YES_AGGRESSIVE;
				CLANG_WARN_UNREACHABLE_CODE = YES;
				CLANG_WARN__DUPLICATE_METHOD_MATCH = YES;
				COPY_PHASE_STRIP = NO;
				DEBUG_INFORMATION_FORMAT = dwarf;
				ENABLE_STRICT_OBJC_MSGSEND = YES;
				ENABLE_TESTABILITY = YES;
				GCC_C_LANGUAGE_STANDARD = gnu11;
				GCC_DYNAMIC_NO_PIC = NO;
				GCC_NO_COMMON_BLOCKS = YES;
				GCC_OPTIMIZATION_LEVEL = 0;
				GCC_PREPROCESSOR_DEFINITIONS = (
					"DEBUG=1",
					"$(inherited)",
				);
				GCC_WARN_64_TO_32_BIT_CONVERSION = YES;
				GCC_WARN_ABOUT_RETURN_TYPE = YES_ERROR;
				GCC_WARN_UNDECLARED_SELECTOR = YES;
				GCC_WARN_UNINITIALIZED_AUTOS = YES_AGGRESSIVE;
				GCC_WARN_UNUSED_FUNCTION = YES;
				GCC_WARN_UNUSED_VARIABLE = YES;
				MACOSX_DEPLOYMENT_TARGET = 12.1;
				MTL_ENABLE_DEBUG_INFO = INCLUDE_SOURCE;
				MTL_FAST_MATH = YES;
				ONLY_ACTIVE_ARCH = YES;
				SDKROOT = macosx;
			};
			name = Debug;
		};
		321123632B1F9E1000F2C8D4 /* Release */ = {
			isa = XCBuildConfiguration;
			buildSettings = {
				ALWAYS_SEARCH_USER_PATHS = NO;
				CLANG_ANALYZER_NONNULL = YES;
				CLANG_ANALYZER_NUMBER_OBJECT_CONVERSION = YES_AGGRESSIVE;
				CLANG_CXX_LANGUAGE_STANDARD = "gnu++17";
				CLANG_ENABLE_MODULES = YES;
				CLANG_ENABLE_OBJC_ARC = YES;
				CLANG_ENABLE_OBJC_WEAK = YES;
				CLANG_WARN_BLOCK_CAPTURE_AUTORELEASING = YES;
				CLANG_WARN_BOOL_CONVERSION = YES;
				CLANG_WARN_COMMA = YES;
				CLANG_WARN_CONSTANT_CONVERSION = YES;
				CLANG_WARN_DEPRECATED_OBJC_IMPLEMENTATIONS = YES;
				CLANG_WARN_DIRECT_OBJC_ISA_USAGE = YES_ERROR;
				CLANG_WARN_DOCUMENTATION_COMMENTS = YES;
				CLANG_WARN_EMPTY_BODY = YES;
				CLANG_WARN_ENUM_CONVERSION = YES;
				CLANG_WARN_INFINITE_RECURSION = YES;
				CLANG_WARN_INT_CONVERSION = YES;
				CLANG_WARN_NON_LITERAL_NULL_CONVERSION = YES;
				CLANG_WARN_OBJC_IMPLICIT_RETAIN_SELF = YES;
				CLANG_WARN_OBJC_LITERAL_CONVERSION = YES;
				CLANG_WARN_OBJC_ROOT_CLASS = YES_ERROR;
				CLANG_WARN_QUOTED_INCLUDE_IN_FRAMEWORK_HEADER = YES;
				CLANG_WARN_RANGE_LOOP_ANALYSIS = YES;
				CLANG_WARN_STRICT_PROTOTYPES = YES;
				CLANG_WARN_SUSPICIOUS_MOVE = YES;
				CLANG_WARN_UNGUARDED_AVAILABILITY = YES_AGGRESSIVE;
				CLANG_WARN_UNREACHABLE_CODE = YES;
				CLANG_WARN__DUPLICATE_METHOD_MATCH = YES;
				COPY_PHASE_STRIP = NO;
				DEBUG_INFORMATION_FORMAT = "dwarf-with-dsym";
				ENABLE_NS_ASSERTIONS = NO;
				ENABLE_STRICT_OBJC_MSGSEND = YES;
				GCC_C_LANGUAGE_STANDARD = gnu11;
				GCC_NO_COMMON_BLOCKS = YES;
				GCC_WARN_64_TO_32_BIT_CONVERSION = YES;
				GCC_WARN_ABOUT_RETURN_TYPE = YES_ERROR;
				GCC_WARN_UNDECLARED_SELECTOR = YES;
				GCC_WARN_UNINITIALIZED_AUTOS = YES_AGGRESSIVE;
				GCC_WARN_UNUSED_FUNCTION = YES;
				GCC_WARN_UNUSED_VARIABLE = YES;
				MACOSX_DEPLOYMENT_TARGET = 12.1;
				MTL_ENABLE_DEBUG_INFO = NO;
				MTL_FAST_MATH = YES;
				SDKROOT = macosx;
			};
			name = Release;
		};
		321123652B1F9E1000F2C8D4 /* Debug */ = {
			isa = XCBuildConfiguration;
			buildSettings = {
				CODE_SIGN_STYLE = Automatic;
				PRODUCT_NAME = "$(TARGET_NAME)";
			};
			name = Debug;
		};
		321123662B1F9E1000F2C8D4 /* Release */ = {
			isa = XCBuildConfiguration;
			buildSettings = {
				CODE_SIGN_STYLE = Automatic;
				PRODUCT_NAME = "$(TARGET_NAME)";
			};
			name = Release;
		};
/* End XCBuildConfiguration section */

/* Begin XCConfigurationList section */
		321123582B1F9E1000F2C8D4 /* Build configuration list for PBXProject "hw31" */ = {
			isa = XCConfigurationList;
			buildConfigurations = (
				321123622B1F9E1000F2C8D4 /* Debug */,
				321123632B1F9E1000F2C8D4 /* Release */,
			);
			defaultConfigurationIsVisible = 0;
			defaultConfigurationName = Release;
		};
		321123642B1F9E1000F2C8D4 /* Build configuration list for PBXNativeTarget "hw31" */ = {
			isa = XCConfigurationList;
			buildConfigurations = (
				321123652B1F9E1000F2C8D4 /* Debug */,
				321123662B1F9E1000F2C8D4 /* Release */,
			);
			defaultConfigurationIsVisible = 0;
			defaultConfigurationName = Release;
		};
/* End XCConfigurationList section */
	};
	rootObject = 321123552B1F9E1000F2C8D4 /* Project object */;
}
